
Microsoft Visual Studio Solution File, Format Version 12.00
# Visual Studio Version 17
VisualStudioVersion = 17.10.34928.147
MinimumVisualStudioVersion = 10.0.40219.1
Project("{FAE04EC0-301F-11D3-BF4B-00C04F79EFBC}") = "phukien", "phukien\phukien.csproj", "{6D7A57BA-3AEE-4B61-A6B1-71E5FFAB0FCF}"
EndProject
Global
	GlobalSection(SolutionConfigurationPlatforms) = preSolution
		Debug|Any CPU = Debug|Any CPU
		Release|Any CPU = Release|Any CPU
	EndGlobalSection
	GlobalSection(ProjectConfigurationPlatforms) = postSolution
		{6D7A57BA-3AEE-4B61-A6B1-71E5FFAB0FCF}.Debug|Any CPU.ActiveCfg = Debug|Any CPU
		{6D7A57BA-3AEE-4B61-A6B1-71E5FFAB0FCF}.Debug|Any CPU.Build.0 = Debug|Any CPU
		{6D7A57BA-3AEE-4B61-A6B1-71E5FFAB0FCF}.Release|Any CPU.ActiveCfg = Release|Any CPU
		{6D7A57BA-3AEE-4B61-A6B1-71E5FFAB0FCF}.Release|Any CPU.Build.0 = Release|Any CPU
	EndGlobalSection
	GlobalSection(SolutionProperties) = preSolution
		HideSolutionNode = FALSE
	EndGlobalSection
	GlobalSection(ExtensibilityGlobals) = postSolution
		SolutionGuid = {FA095383-0462-424E-8AB3-BA1AE8F4B4C3}
	EndGlobalSection
EndGlobal
